
Microsoft Visual Studio Solution File, Format Version 12.00
# Visual Studio 15
VisualStudioVersion = 15.0.27703.2000
MinimumVisualStudioVersion = 10.0.40219.1
Project("{FAE04EC0-301F-11D3-BF4B-00C04F79EFBC}") = "App1", "App1\App1.csproj", "{0AECE72A-498C-4F5D-98B4-555961E8562F}"
EndProject
Global
	GlobalSection(SolutionConfigurationPlatforms) = preSolution
		Debug|Any CPU = Debug|Any CPU
		Release|Any CPU = Release|Any CPU
	EndGlobalSection
	GlobalSection(ProjectConfigurationPlatforms) = postSolution
		{0AECE72A-498C-4F5D-98B4-555961E8562F}.Debug|Any CPU.ActiveCfg = Debug|Any CPU
		{0AECE72A-498C-4F5D-98B4-555961E8562F}.Debug|Any CPU.Build.0 = Debug|Any CPU
		{0AECE72A-498C-4F5D-98B4-555961E8562F}.Release|Any CPU.ActiveCfg = Release|Any CPU
		{0AECE72A-498C-4F5D-98B4-555961E8562F}.Release|Any CPU.Build.0 = Release|Any CPU
	EndGlobalSection
	GlobalSection(SolutionProperties) = preSolution
		HideSolutionNode = FALSE
	EndGlobalSection
	GlobalSection(ExtensibilityGlobals) = postSolution
		SolutionGuid = {4F6E29D8-8933-45DD-98B0-5825551BA474}
	EndGlobalSection
EndGlobal
